<?xml version="1.0" encoding="UTF-8" standalone="yes" ?>
<CodeBlocks_project_file>
	<FileVersion major="1" minor="6" />
	<Project>
		<Option title="RadioSI" />
		<Option pch_mode="2" />
		<Option compiler="armelfgcc" />
		<Build>
			<Target title="NSG">
				<Option output="exe/radiosi_nsg.elf" prefix_auto="0" extension_auto="0" />
				<Option object_output="objects/nsg" />
				<Option type="1" />
				<Option compiler="armelfgcc" />
				<Compiler>
					<Add option="-DNEWSGOLD" />
				</Compiler>
			</Target>
			<Target title="SG">
				<Option output="exe/gui_test_sg.elf" prefix_auto="0" extension_auto="0" />
				<Option object_output="objects/sg" />
				<Option type="1" />
				<Option compiler="armelfgcc" />
				<Compiler>
					<Add option="-DSGOLD" />
				</Compiler>
			</Target>
			<Target title="ELKA">
				<Option output="exe/gui_test_el.elf" prefix_auto="0" extension_auto="0" />
				<Option object_output="objects/elka" />
				<Option type="1" />
				<Option compiler="armelfgcc" />
				<Compiler>
					<Add option="-DNEWSGOLD" />
					<Add option="-DELKA" />
				</Compiler>
			</Target>
		</Build>
		<Compiler>
			<Add option="-O2" />
			<Add option="-Wextra" />
			<Add option="-std=gnu99" />
			<Add option="-DHAVE_CONFIG_H" />
			<Add option="-D__NO_LIBC" />
			<Add option="-D__USE_SPL__" />
			<Add directory="../../CoreProc" />
			<Add directory="faad/src" />
		</Compiler>
		<Linker>
			<Add option="-s" />
			<Add option="--defsym __ex=0" />
			<Add option="--gc-section" />
			<Add library="corecrt" />
			<Add library="crt_helper" />
			<Add library="gcc" />
			<Add library="spl" />
			<Add library="c-1.2" />
			<Add library="usart" />
		</Linker>
		<Unit filename="audio.c">
			<Option compilerVar="CC" />
		</Unit>
		<Unit filename="audio.h" />
		<Unit filename="audio_control.c">
			<Option compilerVar="CC" />
		</Unit>
		<Unit filename="audio_control.h" />
		<Unit filename="bufferizer.c">
			<Option compilerVar="CC" />
		</Unit>
		<Unit filename="bufferizer.h" />
		<Unit filename="conf_loader.c">
			<Option compilerVar="CC" />
		</Unit>
		<Unit filename="config_data.c">
			<Option compilerVar="CC" />
			<Option compiler="armelfgcc" use="1" buildCommand="$compiler $options -xc $includes -c $file -o $object -O0" />
		</Unit>
		<Unit filename="decoder.c">
			<Option compilerVar="CC" />
		</Unit>
		<Unit filename="decoder.h" />
		<Unit filename="faad/config.h" />
		<Unit filename="faad/src/analysis.h" />
		<Unit filename="faad/src/bits.c">
			<Option compilerVar="CC" />
		</Unit>
		<Unit filename="faad/src/bits.h" />
		<Unit filename="faad/src/cfft.c">
			<Option compilerVar="CC" />
		</Unit>
		<Unit filename="faad/src/cfft.h" />
		<Unit filename="faad/src/cfft_tab.h" />
		<Unit filename="faad/src/codebook/hcb.h" />
		<Unit filename="faad/src/codebook/hcb_1.h" />
		<Unit filename="faad/src/codebook/hcb_10.h" />
		<Unit filename="faad/src/codebook/hcb_11.h" />
		<Unit filename="faad/src/codebook/hcb_2.h" />
		<Unit filename="faad/src/codebook/hcb_3.h" />
		<Unit filename="faad/src/codebook/hcb_4.h" />
		<Unit filename="faad/src/codebook/hcb_5.h" />
		<Unit filename="faad/src/codebook/hcb_6.h" />
		<Unit filename="faad/src/codebook/hcb_7.h" />
		<Unit filename="faad/src/codebook/hcb_8.h" />
		<Unit filename="faad/src/codebook/hcb_9.h" />
		<Unit filename="faad/src/codebook/hcb_sf.h" />
		<Unit filename="faad/src/common.c">
			<Option compilerVar="CC" />
		</Unit>
		<Unit filename="faad/src/common.h" />
		<Unit filename="faad/src/decoder.c">
			<Option compilerVar="CC" />
		</Unit>
		<Unit filename="faad/src/drc.c">
			<Option compilerVar="CC" />
		</Unit>
		<Unit filename="faad/src/drc.h" />
		<Unit filename="faad/src/drm_dec.c">
			<Option compilerVar="CC" />
		</Unit>
		<Unit filename="faad/src/drm_dec.h" />
		<Unit filename="faad/src/error.c">
			<Option compilerVar="CC" />
		</Unit>
		<Unit filename="faad/src/error.h" />
		<Unit filename="faad/src/filtbank.c">
			<Option compilerVar="CC" />
		</Unit>
		<Unit filename="faad/src/filtbank.h" />
		<Unit filename="faad/src/fixed.h" />
		<Unit filename="faad/src/hcr.c">
			<Option compilerVar="CC" />
		</Unit>
		<Unit filename="faad/src/huffman.c">
			<Option compilerVar="CC" />
		</Unit>
		<Unit filename="faad/src/huffman.h" />
		<Unit filename="faad/src/ic_predict.c">
			<Option compilerVar="CC" />
		</Unit>
		<Unit filename="faad/src/ic_predict.h" />
		<Unit filename="faad/src/iq_table.h" />
		<Unit filename="faad/src/is.c">
			<Option compilerVar="CC" />
		</Unit>
		<Unit filename="faad/src/is.h" />
		<Unit filename="faad/src/kbd_win.h" />
		<Unit filename="faad/src/lt_predict.c">
			<Option compilerVar="CC" />
		</Unit>
		<Unit filename="faad/src/lt_predict.h" />
		<Unit filename="faad/src/mdct.c">
			<Option compilerVar="CC" />
		</Unit>
		<Unit filename="faad/src/mdct.h" />
		<Unit filename="faad/src/mdct_tab.h" />
		<Unit filename="faad/src/mp4.c">
			<Option compilerVar="CC" />
		</Unit>
		<Unit filename="faad/src/mp4.h" />
		<Unit filename="faad/src/ms.c">
			<Option compilerVar="CC" />
		</Unit>
		<Unit filename="faad/src/ms.h" />
		<Unit filename="faad/src/output.c">
			<Option compilerVar="CC" />
		</Unit>
		<Unit filename="faad/src/output.h" />
		<Unit filename="faad/src/pns.c">
			<Option compilerVar="CC" />
		</Unit>
		<Unit filename="faad/src/pns.h" />
		<Unit filename="faad/src/ps_dec.c">
			<Option compilerVar="CC" />
		</Unit>
		<Unit filename="faad/src/ps_dec.h" />
		<Unit filename="faad/src/ps_syntax.c">
			<Option compilerVar="CC" />
		</Unit>
		<Unit filename="faad/src/ps_tables.h" />
		<Unit filename="faad/src/pulse.c">
			<Option compilerVar="CC" />
		</Unit>
		<Unit filename="faad/src/pulse.h" />
		<Unit filename="faad/src/rvlc.c">
			<Option compilerVar="CC" />
		</Unit>
		<Unit filename="faad/src/rvlc.h" />
		<Unit filename="faad/src/sbr_dct.c">
			<Option compilerVar="CC" />
		</Unit>
		<Unit filename="faad/src/sbr_dct.h" />
		<Unit filename="faad/src/sbr_dec.c">
			<Option compilerVar="CC" />
		</Unit>
		<Unit filename="faad/src/sbr_dec.h" />
		<Unit filename="faad/src/sbr_e_nf.c">
			<Option compilerVar="CC" />
		</Unit>
		<Unit filename="faad/src/sbr_e_nf.h" />
		<Unit filename="faad/src/sbr_fbt.c">
			<Option compilerVar="CC" />
		</Unit>
		<Unit filename="faad/src/sbr_fbt.h" />
		<Unit filename="faad/src/sbr_hfadj.c">
			<Option compilerVar="CC" />
		</Unit>
		<Unit filename="faad/src/sbr_hfadj.h" />
		<Unit filename="faad/src/sbr_hfgen.c">
			<Option compilerVar="CC" />
		</Unit>
		<Unit filename="faad/src/sbr_hfgen.h" />
		<Unit filename="faad/src/sbr_huff.c">
			<Option compilerVar="CC" />
		</Unit>
		<Unit filename="faad/src/sbr_huff.h" />
		<Unit filename="faad/src/sbr_noise.h" />
		<Unit filename="faad/src/sbr_qmf.c">
			<Option compilerVar="CC" />
		</Unit>
		<Unit filename="faad/src/sbr_qmf.h" />
		<Unit filename="faad/src/sbr_qmf_c.h" />
		<Unit filename="faad/src/sbr_syntax.c">
			<Option compilerVar="CC" />
		</Unit>
		<Unit filename="faad/src/sbr_syntax.h" />
		<Unit filename="faad/src/sbr_tf_grid.c">
			<Option compilerVar="CC" />
		</Unit>
		<Unit filename="faad/src/sbr_tf_grid.h" />
		<Unit filename="faad/src/sine_win.h" />
		<Unit filename="faad/src/specrec.c">
			<Option compilerVar="CC" />
		</Unit>
		<Unit filename="faad/src/specrec.h" />
		<Unit filename="faad/src/ssr.c">
			<Option compilerVar="CC" />
		</Unit>
		<Unit filename="faad/src/ssr.h" />
		<Unit filename="faad/src/ssr_fb.c">
			<Option compilerVar="CC" />
		</Unit>
		<Unit filename="faad/src/ssr_fb.h" />
		<Unit filename="faad/src/ssr_ipqf.c">
			<Option compilerVar="CC" />
		</Unit>
		<Unit filename="faad/src/ssr_ipqf.h" />
		<Unit filename="faad/src/ssr_win.h" />
		<Unit filename="faad/src/structs.h" />
		<Unit filename="faad/src/syntax.c">
			<Option compilerVar="CC" />
		</Unit>
		<Unit filename="faad/src/syntax.h" />
		<Unit filename="faad/src/tns.c">
			<Option compilerVar="CC" />
		</Unit>
		<Unit filename="faad/src/tns.h" />
		<Unit filename="main.c">
			<Option compilerVar="CC" />
		</Unit>
		<Unit filename="socket.c">
			<Option compilerVar="CC" />
		</Unit>
		<Unit filename="socket.h" />
		<Unit filename="stream.c">
			<Option compilerVar="CC" />
		</Unit>
		<Unit filename="stream.h" />
		<Extensions>
			<envvars />
			<code_completion />
			<debugger />
		</Extensions>
	</Project>
</CodeBlocks_project_file>
