<?xml version="1.0" encoding="UTF-8" standalone="yes" ?>
<CodeBlocks_project_file>
	<FileVersion major="1" minor="6" />
	<Project>
		<Option title="AlphaThemer_3" />
		<Option pch_mode="2" />
		<Option compiler="iar_arm_cpp_compiler" />
		<Build>
			<Target title="ELKA">
				<Option output="bin/AlphaThemer_3_ELKA.elf" prefix_auto="1" extension_auto="0" />
				<Option object_output="obj/ELKA/" />
				<Option type="1" />
				<Option compiler="iar_arm_cpp_compiler" />
				<Compiler>
					<Add option="-DELKA" />
					<Add option="-DNEWSGOLD" />
				</Compiler>
			</Target>
			<Target title="NSG">
				<Option output="bin/AlphaThemer_3_NSG.elf" prefix_auto="1" extension_auto="0" />
				<Option object_output="obj/NSG/" />
				<Option type="1" />
				<Option compiler="iar_arm_cpp_compiler" />
				<Compiler>
					<Add option="-DNEWSGOLD" />
				</Compiler>
			</Target>
			<Target title="SG">
				<Option output="bin/AlphaThemer_3_SG.elf" prefix_auto="1" extension_auto="0" />
				<Option object_output="obj/SG/" />
				<Option type="1" />
				<Option compiler="iar_arm_cpp_compiler" />
			</Target>
		</Build>
		<Unit filename="dat.h" />
		<Unit filename="func.asm" />
		<Unit filename="main.c">
			<Option compilerVar="CC" />
		</Unit>
		<Unit filename="rect_patcher.h" />
		<Unit filename="rw.c">
			<Option compilerVar="CC" />
			<Option compile="0" />
			<Option link="0" />
		</Unit>
		<Unit filename="test.xcl" />
		<Unit filename="../inc/swilib.h" />
		<Extensions>
			<envvars />
			<code_completion />
			<debugger />
		</Extensions>
	</Project>
</CodeBlocks_project_file>
