<?xml version="1.0" encoding="UTF-8" standalone="yes" ?>
<CodeBlocks_project_file>
	<FileVersion major="1" minor="6" />
	<Project>
		<Option title="ElfGoogleMaps" />
		<Option pch_mode="2" />
		<Option compiler="armelfgcc" />
		<Build>
			<Target title="NSG">
				<Option output="exe\elf_googlemaps_nsg.elf" prefix_auto="0" extension_auto="0" />
				<Option object_output="objects\nsg" />
				<Option type="1" />
				<Option compiler="armelfgcc" />
				<Option use_console_runner="0" />
				<Compiler>
					<Add option="-DNEWSGOLD" />
				</Compiler>
			</Target>
			<Target title="SG">
				<Option output="exe\elf_googlemaps_sg.elf" prefix_auto="0" extension_auto="0" />
				<Option object_output="objects\sg" />
				<Option type="1" />
				<Option compiler="armelfgcc" />
				<Compiler>
					<Add option="-DSGOLD" />
				</Compiler>
			</Target>
			<Target title="ELKA">
				<Option output="exe\elf_googlemaps_el.elf" prefix_auto="0" extension_auto="0" />
				<Option object_output="objects\elka" />
				<Option type="1" />
				<Option compiler="armelfgcc" />
				<Compiler>
					<Add option="-DNEWSGOLD" />
					<Add option="-DELKA" />
				</Compiler>
			</Target>
		</Build>
		<Compiler>
			<Add option="-marm" />
			<Add option="-O2" />
			<Add option="-w" />
			<Add option="-Wall" />
			<Add option="-fno-enforce-eh-specs" />
			<Add option="-fno-rtti" />
			<Add option="-fno-use-cxa-get-exception-ptr" />
			<Add option="-fno-non-call-exceptions" />
			<Add option="-fno-exceptions" />
			<Add option="-D__NO_LIBC" />
			<Add directory="C:\ep3\CoreProc\" />
		</Compiler>
		<Linker>
			<Add option="-s" />
			<Add option="--defsym __ex=0" />
			<Add option="--gc-section" />
			<Add library="crt" />
			<Add library="crt_helper" />
			<Add library="gcc" />
			<Add library="usart" />
			<Add library="c" />
			<Add library="m" />
			<Add library="stdc++" />
			<Add library="sigc" />
			<Add directory="..\..\libs" />
		</Linker>
		<Unit filename="cache\cache.cpp" />
		<Unit filename="cache\cache.h" />
		<Unit filename="draw\draw.cpp" />
		<Unit filename="draw\draw.h" />
		<Unit filename="draw\image.cpp" />
		<Unit filename="draw\image.h" />
		<Unit filename="include.cpp" />
		<Unit filename="include.h" />
		<Unit filename="internet\internet.cpp" />
		<Unit filename="internet\internet.h" />
		<Unit filename="internet\utils.cpp" />
		<Unit filename="internet\utils.h" />
		<Unit filename="language\language.cpp" />
		<Unit filename="language\language.h" />
		<Unit filename="main.cpp" />
		<Unit filename="map\map.cpp" />
		<Unit filename="map\map.h" />
		<Unit filename="string_works.cpp" />
		<Unit filename="string_works.h" />
		<Extensions>
			<envvars />
			<code_completion />
			<debugger />
		</Extensions>
	</Project>
</CodeBlocks_project_file>
