
Microsoft Visual Studio Solution File, Format Version 10.00
# Visual Studio 2008
Project("{8BC9CEB8-8B4A-11D0-8D11-00A0C91BC942}") = "valera", "valera\valera.vcproj", "{9A2B42E3-6979-47DB-A05B-1916B579650E}"
EndProject
Global
	GlobalSection(SolutionConfigurationPlatforms) = preSolution
		Debug|Win32 = Debug|Win32
		Release|Win32 = Release|Win32
	EndGlobalSection
	GlobalSection(ProjectConfigurationPlatforms) = postSolution
		{9A2B42E3-6979-47DB-A05B-1916B579650E}.Debug|Win32.ActiveCfg = Debug|Win32
		{9A2B42E3-6979-47DB-A05B-1916B579650E}.Debug|Win32.Build.0 = Debug|Win32
		{9A2B42E3-6979-47DB-A05B-1916B579650E}.Release|Win32.ActiveCfg = Release|Win32
		{9A2B42E3-6979-47DB-A05B-1916B579650E}.Release|Win32.Build.0 = Release|Win32
	EndGlobalSection
	GlobalSection(SolutionProperties) = preSolution
		HideSolutionNode = FALSE
	EndGlobalSection
EndGlobal
