<?xml version="1.0" encoding="UTF-8" standalone="yes" ?>
<CodeBlocks_project_file>
	<FileVersion major="1" minor="6" />
	<Project>
		<Option title="SiemensProcessLibrary" />
		<Option pch_mode="2" />
		<Option compiler="armelfgcc" />
		<Build>
			<Target title="NSG">
				<Option output="exe\libspl.so" prefix_auto="0" extension_auto="0" />
				<Option object_output="objects\nsg" />
				<Option type="3" />
				<Option compiler="armelfgcc" />
				<Compiler>
					<Add option="-DNEWSGOLD" />
				</Compiler>
			</Target>
			<Target title="SG">
				<Option output="exe\libcorecsm.so" prefix_auto="0" extension_auto="0" />
				<Option object_output="objects\sg" />
				<Option type="3" />
				<Option compiler="armelfgcc" />
				<Compiler>
					<Add option="-DSGOLD" />
				</Compiler>
			</Target>
			<Target title="ELKA">
				<Option output="exe\libcorecsm.so" prefix_auto="0" extension_auto="0" />
				<Option object_output="objects\elka" />
				<Option type="3" />
				<Option compiler="armelfgcc" />
				<Compiler>
					<Add option="-DNEWSGOLD" />
					<Add option="-DELKA" />
				</Compiler>
			</Target>
		</Build>
		<Compiler>
			<Add option="-O2" />
			<Add option="-W" />
			<Add option="-Wall" />
			<Add option="-std=gnu99" />
			<Add option="-D__NO_LIBC" />
		</Compiler>
		<Linker>
			<Add option="-s" />
			<Add option="-init=_init" />
			<Add option="-fini=_fini" />
			<Add library="gcc" />
			<Add library="crt_helper" />
			<Add library="usart" />
		</Linker>
		<Unit filename="_start.c">
			<Option compilerVar="CC" />
		</Unit>
		<Unit filename="async_print.c">
			<Option compilerVar="CC" />
		</Unit>
		<Unit filename="corearray.c">
			<Option compilerVar="CC" />
		</Unit>
		<Unit filename="corelist.c">
			<Option compilerVar="CC" />
		</Unit>
		<Unit filename="csm.c">
			<Option compilerVar="CC" />
		</Unit>
		<Unit filename="exc_handler.c">
			<Option compilerVar="CC" />
		</Unit>
		<Unit filename="exc_vector.c">
			<Option compilerVar="CC" />
		</Unit>
		<Unit filename="exc_vectors.s" />
		<Unit filename="fs.c">
			<Option compilerVar="CC" />
		</Unit>
		<Unit filename="gbs_tweak.c">
			<Option compilerVar="CC" />
		</Unit>
		<Unit filename="gui.c">
			<Option compilerVar="CC" />
		</Unit>
		<Unit filename="helperproc.c">
			<Option compilerVar="CC" />
		</Unit>
		<Unit filename="io.c">
			<Option compilerVar="CC" />
		</Unit>
		<Unit filename="ioresctl.c">
			<Option compilerVar="CC" />
		</Unit>
		<Unit filename="lcd_primitives.c">
			<Option compilerVar="CC" />
		</Unit>
		<Unit filename="main.c">
			<Option compilerVar="CC" />
		</Unit>
		<Unit filename="memctl.c">
			<Option compilerVar="CC" />
		</Unit>
		<Unit filename="mutex.c">
			<Option compilerVar="CC" />
		</Unit>
		<Unit filename="pipe.c">
			<Option compilerVar="CC" />
		</Unit>
		<Unit filename="process.c">
			<Option compilerVar="CC" />
		</Unit>
		<Unit filename="processbridge.c">
			<Option compilerVar="CC" />
		</Unit>
		<Unit filename="queue.c">
			<Option compilerVar="CC" />
		</Unit>
		<Unit filename="resctl.c">
			<Option compilerVar="CC" />
		</Unit>
		<Unit filename="socket.c">
			<Option compilerVar="CC" />
		</Unit>
		<Unit filename="system.s" />
		<Unit filename="task.c">
			<Option compilerVar="CC" />
		</Unit>
		<Unit filename="thread.c">
			<Option compilerVar="CC" />
		</Unit>
		<Unit filename="timer.c">
			<Option compilerVar="CC" />
		</Unit>
		<Unit filename="waitcondition.c">
			<Option compilerVar="CC" />
		</Unit>
		<Extensions>
			<envvars />
			<code_completion />
			<debugger />
		</Extensions>
	</Project>
</CodeBlocks_project_file>
