<?xml version="1.0" encoding="UTF-8" standalone="yes" ?>
<CodeBlocks_project_file>
	<FileVersion major="1" minor="6" />
	<Project>
		<Option title="slib" />
		<Option pch_mode="2" />
		<Option compiler="armelfgcc" />
		<Build>
			<Target title="NSG">
				<Option output="exe\elf_nsg.dll" prefix_auto="0" extension_auto="0" />
				<Option object_output="objects\nsg" />
				<Option type="3" />
				<Option compiler="armelfgcc" />
				<Compiler>
					<Add option="-O54" />
					<Add option="-DNEWSGOLD" />
				</Compiler>
			</Target>
			<Target title="SG">
				<Option output="exe\elf_sg.dll" prefix_auto="0" extension_auto="0" />
				<Option object_output="objects\sg" />
				<Option type="3" />
				<Option compiler="armelfgcc" />
				<Compiler>
					<Add option="-DSGOLD" />
				</Compiler>
			</Target>
			<Target title="ELKA">
				<Option output="exe\slib.so" prefix_auto="0" extension_auto="0" />
				<Option object_output="objects\elka" />
				<Option type="3" />
				<Option compiler="armelfgcc" />
				<Compiler>
					<Add option="-DNEWSGOLD" />
					<Add option="-DELKA" />
				</Compiler>
			</Target>
		</Build>
		<Compiler>
			<Add option="-O3" />
		</Compiler>
		<Linker>
			<Add option="-init=_init" />
			<Add library="gcc" />
			<Add library="supc++" />
		</Linker>
		<Unit filename="main.cpp" />
		<Unit filename="socket\socket.cpp" />
		<Unit filename="socket\socket.h" />
		<Extensions>
			<envvars />
			<code_completion />
			<debugger />
			<DoxyBlocks>
				<comment_style block="0" line="0" />
				<doxyfile_project />
				<doxyfile_build />
				<doxyfile_warnings />
				<doxyfile_output />
				<doxyfile_dot />
				<general />
			</DoxyBlocks>
		</Extensions>
	</Project>
</CodeBlocks_project_file>
