Microsoft Visual Studio Solution File, Format Version 8.00
Project("{FAE04EC0-301F-11D3-BF4B-00C04F79EFBC}") = "MakeFont", "MakeFont.csproj", "{CEE1AE9E-1888-49E1-8882-5AD4B67E18E4}"
	ProjectSection(ProjectDependencies) = postProject
	EndProjectSection
EndProject
Global
	GlobalSection(SolutionConfiguration) = preSolution
		Debug = Debug
		Release = Release
	EndGlobalSection
	GlobalSection(ProjectConfiguration) = postSolution
		{CEE1AE9E-1888-49E1-8882-5AD4B67E18E4}.Debug.ActiveCfg = Debug|.NET
		{CEE1AE9E-1888-49E1-8882-5AD4B67E18E4}.Debug.Build.0 = Debug|.NET
		{CEE1AE9E-1888-49E1-8882-5AD4B67E18E4}.Release.ActiveCfg = Release|.NET
		{CEE1AE9E-1888-49E1-8882-5AD4B67E18E4}.Release.Build.0 = Release|.NET
	EndGlobalSection
	GlobalSection(ExtensibilityGlobals) = postSolution
	EndGlobalSection
	GlobalSection(ExtensibilityAddIns) = postSolution
	EndGlobalSection
EndGlobal
