
Microsoft Visual Studio Solution File, Format Version 10.00
# Visual Studio 2008
Project("{8BC9CEB8-8B4A-11D0-8D11-00A0C91BC942}") = "server_games", "server_games\server_games.vcproj", "{7A3F796C-A7E9-43FC-8969-319BB1A7443C}"
EndProject
Global
	GlobalSection(SolutionConfigurationPlatforms) = preSolution
		Debug|Win32 = Debug|Win32
		Release|Win32 = Release|Win32
	EndGlobalSection
	GlobalSection(ProjectConfigurationPlatforms) = postSolution
		{7A3F796C-A7E9-43FC-8969-319BB1A7443C}.Debug|Win32.ActiveCfg = Debug|Win32
		{7A3F796C-A7E9-43FC-8969-319BB1A7443C}.Debug|Win32.Build.0 = Debug|Win32
		{7A3F796C-A7E9-43FC-8969-319BB1A7443C}.Release|Win32.ActiveCfg = Release|Win32
		{7A3F796C-A7E9-43FC-8969-319BB1A7443C}.Release|Win32.Build.0 = Release|Win32
	EndGlobalSection
	GlobalSection(SolutionProperties) = preSolution
		HideSolutionNode = FALSE
	EndGlobalSection
EndGlobal
