
Microsoft Visual Studio Solution File, Format Version 10.00
# Visual Studio 2008
Project("{8BC9CEB8-8B4A-11D0-8D11-00A0C91BC942}") = "kk", "kk\kk.vcproj", "{5D70BDAE-35B4-4365-B7D6-73106F64219B}"
EndProject
Global
	GlobalSection(SolutionConfigurationPlatforms) = preSolution
		Debug|Win32 = Debug|Win32
		Release|Win32 = Release|Win32
	EndGlobalSection
	GlobalSection(ProjectConfigurationPlatforms) = postSolution
		{5D70BDAE-35B4-4365-B7D6-73106F64219B}.Debug|Win32.ActiveCfg = Debug|Win32
		{5D70BDAE-35B4-4365-B7D6-73106F64219B}.Debug|Win32.Build.0 = Debug|Win32
		{5D70BDAE-35B4-4365-B7D6-73106F64219B}.Release|Win32.ActiveCfg = Release|Win32
		{5D70BDAE-35B4-4365-B7D6-73106F64219B}.Release|Win32.Build.0 = Release|Win32
	EndGlobalSection
	GlobalSection(SolutionProperties) = preSolution
		HideSolutionNode = FALSE
	EndGlobalSection
EndGlobal
